
Microsoft Visual Studio Solution File, Format Version 12.00
# Visual Studio 15
VisualStudioVersion = 15.0.28307.271
MinimumVisualStudioVersion = 10.0.40219.1
Project("{FAE04EC0-301F-11D3-BF4B-00C04F79EFBC}") = "GUI", "GUI\GUI.csproj", "{3C4D2930-A0A4-4FE1-85B0-E993ECF04389}"
EndProject
Project("{FAE04EC0-301F-11D3-BF4B-00C04F79EFBC}") = "Business Logic Layer", "Business Logic Layer\Business Logic Layer.csproj", "{70A61689-4E36-44A0-81DA-E6834A04F876}"
EndProject
Project("{FAE04EC0-301F-11D3-BF4B-00C04F79EFBC}") = "Data Access Layer", "Data Access Layer\Data Access Layer.csproj", "{FFDCE6CA-CDF7-448E-9E19-22A390530214}"
EndProject
Project("{FAE04EC0-301F-11D3-BF4B-00C04F79EFBC}") = "Entities", "Entities\Entities.csproj", "{61D2C2D8-40FC-4744-A5D1-ED2C5187478F}"
EndProject
Global
	GlobalSection(SolutionConfigurationPlatforms) = preSolution
		Debug|Any CPU = Debug|Any CPU
		Release|Any CPU = Release|Any CPU
	EndGlobalSection
	GlobalSection(ProjectConfigurationPlatforms) = postSolution
		{3C4D2930-A0A4-4FE1-85B0-E993ECF04389}.Debug|Any CPU.ActiveCfg = Debug|Any CPU
		{3C4D2930-A0A4-4FE1-85B0-E993ECF04389}.Debug|Any CPU.Build.0 = Debug|Any CPU
		{3C4D2930-A0A4-4FE1-85B0-E993ECF04389}.Release|Any CPU.ActiveCfg = Release|Any CPU
		{3C4D2930-A0A4-4FE1-85B0-E993ECF04389}.Release|Any CPU.Build.0 = Release|Any CPU
		{70A61689-4E36-44A0-81DA-E6834A04F876}.Debug|Any CPU.ActiveCfg = Debug|Any CPU
		{70A61689-4E36-44A0-81DA-E6834A04F876}.Debug|Any CPU.Build.0 = Debug|Any CPU
		{70A61689-4E36-44A0-81DA-E6834A04F876}.Release|Any CPU.ActiveCfg = Release|Any CPU
		{70A61689-4E36-44A0-81DA-E6834A04F876}.Release|Any CPU.Build.0 = Release|Any CPU
		{FFDCE6CA-CDF7-448E-9E19-22A390530214}.Debug|Any CPU.ActiveCfg = Debug|Any CPU
		{FFDCE6CA-CDF7-448E-9E19-22A390530214}.Debug|Any CPU.Build.0 = Debug|Any CPU
		{FFDCE6CA-CDF7-448E-9E19-22A390530214}.Release|Any CPU.ActiveCfg = Release|Any CPU
		{FFDCE6CA-CDF7-448E-9E19-22A390530214}.Release|Any CPU.Build.0 = Release|Any CPU
		{61D2C2D8-40FC-4744-A5D1-ED2C5187478F}.Debug|Any CPU.ActiveCfg = Debug|Any CPU
		{61D2C2D8-40FC-4744-A5D1-ED2C5187478F}.Debug|Any CPU.Build.0 = Debug|Any CPU
		{61D2C2D8-40FC-4744-A5D1-ED2C5187478F}.Release|Any CPU.ActiveCfg = Release|Any CPU
		{61D2C2D8-40FC-4744-A5D1-ED2C5187478F}.Release|Any CPU.Build.0 = Release|Any CPU
	EndGlobalSection
	GlobalSection(SolutionProperties) = preSolution
		HideSolutionNode = FALSE
	EndGlobalSection
	GlobalSection(ExtensibilityGlobals) = postSolution
		SolutionGuid = {6816CA07-69B4-4E7A-8B1A-B970075709B8}
	EndGlobalSection
EndGlobal
